// !$*UTF8*$!
{
	archiveVersion = 1;
	classes = {
	};
	objectVersion = 46;
	objects = {

/* Begin PBXBuildFile section */
		9216BA1F1C6B5BDC003CE59C /* csv.swift in Sources */ = {isa = PBXBuildFile; fileRef = 9216BA1E1C6B5BDC003CE59C /* csv.swift */; };
		9216BA251C6B6079003CE59C /* pokemon.ttf in Resources */ = {isa = PBXBuildFile; fileRef = 9216BA241C6B6079003CE59C /* pokemon.ttf */; };
		9216BA271C6B9107003CE59C /* music.mp3 in Resources */ = {isa = PBXBuildFile; fileRef = 9216BA261C6B9107003CE59C /* music.mp3 */; };
		924BE59D1C68E51D00FEFDD6 /* AppDelegate.swift in Sources */ = {isa = PBXBuildFile; fileRef = 924BE59C1C68E51D00FEFDD6 /* AppDelegate.swift */; };
		924BE59F1C68E51D00FEFDD6 /* ViewController.swift in Sources */ = {isa = PBXBuildFile; fileRef = 924BE59E1C68E51D00FEFDD6 /* ViewController.swift */; };
		924BE5A41C68E51D00FEFDD6 /* Assets.xcassets in Resources */ = {isa = PBXBuildFile; fileRef = 924BE5A31C68E51D00FEFDD6 /* Assets.xcassets */; };
		924BE5A71C68E51D00FEFDD6 /* LaunchScreen.storyboard in Resources */ = {isa = PBXBuildFile; fileRef = 924BE5A51C68E51D00FEFDD6 /* LaunchScreen.storyboard */; };
		924BE5AF1C68E9A700FEFDD6 /* pokemon.csv in Resources */ = {isa = PBXBuildFile; fileRef = 924BE5AE1C68E9A700FEFDD6 /* pokemon.csv */; };
		924BE5B21C68EAFA00FEFDD6 /* Pokemon.swift in Sources */ = {isa = PBXBuildFile; fileRef = 924BE5B11C68EAFA00FEFDD6 /* Pokemon.swift */; };
		924BE5B51C68F26A00FEFDD6 /* PokeCell.swift in Sources */ = {isa = PBXBuildFile; fileRef = 924BE5B41C68F26A00FEFDD6 /* PokeCell.swift */; };
		92E3E4281C6BEB84005F9E85 /* PokemonDetailVC.swift in Sources */ = {isa = PBXBuildFile; fileRef = 92E3E4271C6BEB84005F9E85 /* PokemonDetailVC.swift */; };
		92E3E42B1C6BEF32005F9E85 /* Main.storyboard in Resources */ = {isa = PBXBuildFile; fileRef = 92E3E4291C6BEF32005F9E85 /* Main.storyboard */; };
/* End PBXBuildFile section */

/* Begin PBXFileReference section */
		9216BA1E1C6B5BDC003CE59C /* csv.swift */ = {isa = PBXFileReference; fileEncoding = 4; lastKnownFileType = sourcecode.swift; path = csv.swift; sourceTree = "<group>"; };
		9216BA241C6B6079003CE59C /* pokemon.ttf */ = {isa = PBXFileReference; lastKnownFileType = file; path = pokemon.ttf; sourceTree = "<group>"; };
		9216BA261C6B9107003CE59C /* music.mp3 */ = {isa = PBXFileReference; lastKnownFileType = audio.mp3; path = music.mp3; sourceTree = "<group>"; };
		924BE5991C68E51D00FEFDD6 /* pokedex.app */ = {isa = PBXFileReference; explicitFileType = wrapper.application; includeInIndex = 0; path = pokedex.app; sourceTree = BUILT_PRODUCTS_DIR; };
		924BE59C1C68E51D00FEFDD6 /* AppDelegate.swift */ = {isa = PBXFileReference; lastKnownFileType = sourcecode.swift; path = AppDelegate.swift; sourceTree = "<group>"; };
		924BE59E1C68E51D00FEFDD6 /* ViewController.swift */ = {isa = PBXFileReference; lastKnownFileType = sourcecode.swift; path = ViewController.swift; sourceTree = "<group>"; };
		924BE5A31C68E51D00FEFDD6 /* Assets.xcassets */ = {isa = PBXFileReference; lastKnownFileType = folder.assetcatalog; path = Assets.xcassets; sourceTree = "<group>"; };
		924BE5A61C68E51D00FEFDD6 /* Base */ = {isa = PBXFileReference; lastKnownFileType = file.storyboard; name = Base; path = Base.lproj/LaunchScreen.storyboard; sourceTree = "<group>"; };
		924BE5A81C68E51D00FEFDD6 /* Info.plist */ = {isa = PBXFileReference; lastKnownFileType = text.plist.xml; path = Info.plist; sourceTree = "<group>"; };
		924BE5AE1C68E9A700FEFDD6 /* pokemon.csv */ = {isa = PBXFileReference; fileEncoding = 4; lastKnownFileType = text; path = pokemon.csv; sourceTree = "<group>"; };
		924BE5B11C68EAFA00FEFDD6 /* Pokemon.swift */ = {isa = PBXFileReference; fileEncoding = 4; lastKnownFileType = sourcecode.swift; path = Pokemon.swift; sourceTree = "<group>"; };
		924BE5B41C68F26A00FEFDD6 /* PokeCell.swift */ = {isa = PBXFileReference; fileEncoding = 4; lastKnownFileType = sourcecode.swift; path = PokeCell.swift; sourceTree = "<group>"; };
		92E3E4271C6BEB84005F9E85 /* PokemonDetailVC.swift */ = {isa = PBXFileReference; fileEncoding = 4; lastKnownFileType = sourcecode.swift; path = PokemonDetailVC.swift; sourceTree = "<group>"; };
		92E3E42A1C6BEF32005F9E85 /* Base */ = {isa = PBXFileReference; lastKnownFileType = file.storyboard; name = Base; path = Base.lproj/Main.storyboard; sourceTree = "<group>"; };
/* End PBXFileReference section */

/* Begin PBXFrameworksBuildPhase section */
		924BE5961C68E51C00FEFDD6 /* Frameworks */ = {
			isa = PBXFrameworksBuildPhase;
			buildActionMask = 2147483647;
			files = (
			);
			runOnlyForDeploymentPostprocessing = 0;
		};
/* End PBXFrameworksBuildPhase section */

/* Begin PBXGroup section */
		9216BA201C6B5BFA003CE59C /* Util */ = {
			isa = PBXGroup;
			children = (
				9216BA1E1C6B5BDC003CE59C /* csv.swift */,
			);
			name = Util;
			sourceTree = "<group>";
		};
		9216BA211C6B5C25003CE59C /* Resources */ = {
			isa = PBXGroup;
			children = (
				9216BA261C6B9107003CE59C /* music.mp3 */,
				9216BA241C6B6079003CE59C /* pokemon.ttf */,
				924BE5AE1C68E9A700FEFDD6 /* pokemon.csv */,
			);
			name = Resources;
			sourceTree = "<group>";
		};
		9216BA221C6B5C98003CE59C /* Controller */ = {
			isa = PBXGroup;
			children = (
				924BE59E1C68E51D00FEFDD6 /* ViewController.swift */,
				92E3E4271C6BEB84005F9E85 /* PokemonDetailVC.swift */,
			);
			name = Controller;
			sourceTree = "<group>";
		};
		924BE5901C68E51C00FEFDD6 = {
			isa = PBXGroup;
			children = (
				924BE59B1C68E51D00FEFDD6 /* pokedex */,
				924BE59A1C68E51D00FEFDD6 /* Products */,
			);
			sourceTree = "<group>";
		};
		924BE59A1C68E51D00FEFDD6 /* Products */ = {
			isa = PBXGroup;
			children = (
				924BE5991C68E51D00FEFDD6 /* pokedex.app */,
			);
			name = Products;
			sourceTree = "<group>";
		};
		924BE59B1C68E51D00FEFDD6 /* pokedex */ = {
			isa = PBXGroup;
			children = (
				924BE5B01C68EAEC00FEFDD6 /* Model */,
				924BE5B31C68F23F00FEFDD6 /* View */,
				9216BA221C6B5C98003CE59C /* Controller */,
				9216BA201C6B5BFA003CE59C /* Util */,
				9216BA211C6B5C25003CE59C /* Resources */,
				924BE59C1C68E51D00FEFDD6 /* AppDelegate.swift */,
				924BE5A31C68E51D00FEFDD6 /* Assets.xcassets */,
				92E3E4291C6BEF32005F9E85 /* Main.storyboard */,
				924BE5A51C68E51D00FEFDD6 /* LaunchScreen.storyboard */,
				924BE5A81C68E51D00FEFDD6 /* Info.plist */,
			);
			path = pokedex;
			sourceTree = "<group>";
		};
		924BE5B01C68EAEC00FEFDD6 /* Model */ = {
			isa = PBXGroup;
			children = (
				924BE5B11C68EAFA00FEFDD6 /* Pokemon.swift */,
			);
			name = Model;
			sourceTree = "<group>";
		};
		924BE5B31C68F23F00FEFDD6 /* View */ = {
			isa = PBXGroup;
			children = (
				924BE5B41C68F26A00FEFDD6 /* PokeCell.swift */,
			);
			name = View;
			sourceTree = "<group>";
		};
/* End PBXGroup section */

/* Begin PBXNativeTarget section */
		924BE5981C68E51C00FEFDD6 /* pokedex */ = {
			isa = PBXNativeTarget;
			buildConfigurationList = 924BE5AB1C68E51D00FEFDD6 /* Build configuration list for PBXNativeTarget "pokedex" */;
			buildPhases = (
				924BE5951C68E51C00FEFDD6 /* Sources */,
				924BE5961C68E51C00FEFDD6 /* Frameworks */,
				924BE5971C68E51C00FEFDD6 /* Resources */,
			);
			buildRules = (
			);
			dependencies = (
			);
			name = pokedex;
			productName = pokedex;
			productReference = 924BE5991C68E51D00FEFDD6 /* pokedex.app */;
			productType = "com.apple.product-type.application";
		};
/* End PBXNativeTarget section */

/* Begin PBXProject section */
		924BE5911C68E51C00FEFDD6 /* Project object */ = {
			isa = PBXProject;
			attributes = {
				LastSwiftUpdateCheck = 0720;
				LastUpgradeCheck = 0720;
				ORGANIZATIONNAME = tack;
				TargetAttributes = {
					924BE5981C68E51C00FEFDD6 = {
						CreatedOnToolsVersion = 7.2;
						DevelopmentTeam = E3DD92Q95F;
					};
				};
			};
			buildConfigurationList = 924BE5941C68E51C00FEFDD6 /* Build configuration list for PBXProject "pokedex" */;
			compatibilityVersion = "Xcode 3.2";
			developmentRegion = English;
			hasScannedForEncodings = 0;
			knownRegions = (
				en,
				Base,
			);
			mainGroup = 924BE5901C68E51C00FEFDD6;
			productRefGroup = 924BE59A1C68E51D00FEFDD6 /* Products */;
			projectDirPath = "";
			projectRoot = "";
			targets = (
				924BE5981C68E51C00FEFDD6 /* pokedex */,
			);
		};
/* End PBXProject section */

/* Begin PBXResourcesBuildPhase section */
		924BE5971C68E51C00FEFDD6 /* Resources */ = {
			isa = PBXResourcesBuildPhase;
			buildActionMask = 2147483647;
			files = (
				9216BA251C6B6079003CE59C /* pokemon.ttf in Resources */,
				924BE5A71C68E51D00FEFDD6 /* LaunchScreen.storyboard in Resources */,
				9216BA271C6B9107003CE59C /* music.mp3 in Resources */,
				92E3E42B1C6BEF32005F9E85 /* Main.storyboard in Resources */,
				924BE5A41C68E51D00FEFDD6 /* Assets.xcassets in Resources */,
				924BE5AF1C68E9A700FEFDD6 /* pokemon.csv in Resources */,
			);
			runOnlyForDeploymentPostprocessing = 0;
		};
/* End PBXResourcesBuildPhase section */

/* Begin PBXSourcesBuildPhase section */
		924BE5951C68E51C00FEFDD6 /* Sources */ = {
			isa = PBXSourcesBuildPhase;
			buildActionMask = 2147483647;
			files = (
				924BE5B51C68F26A00FEFDD6 /* PokeCell.swift in Sources */,
				924BE59F1C68E51D00FEFDD6 /* ViewController.swift in Sources */,
				924BE59D1C68E51D00FEFDD6 /* AppDelegate.swift in Sources */,
				92E3E4281C6BEB84005F9E85 /* PokemonDetailVC.swift in Sources */,
				924BE5B21C68EAFA00FEFDD6 /* Pokemon.swift in Sources */,
				9216BA1F1C6B5BDC003CE59C /* csv.swift in Sources */,
			);
			runOnlyForDeploymentPostprocessing = 0;
		};
/* End PBXSourcesBuildPhase section */

/* Begin PBXVariantGroup section */
		924BE5A51C68E51D00FEFDD6 /* LaunchScreen.storyboard */ = {
			isa = PBXVariantGroup;
			children = (
				924BE5A61C68E51D00FEFDD6 /* Base */,
			);
			name = LaunchScreen.storyboard;
			sourceTree = "<group>";
		};
		92E3E4291C6BEF32005F9E85 /* Main.storyboard */ = {
			isa = PBXVariantGroup;
			children = (
				92E3E42A1C6BEF32005F9E85 /* Base */,
			);
			name = Main.storyboard;
			sourceTree = "<group>";
		};
/* End PBXVariantGroup section */

/* Begin XCBuildConfiguration section */
		924BE5A91C68E51D00FEFDD6 /* Debug */ = {
			isa = XCBuildConfiguration;
			buildSettings = {
				ALWAYS_SEARCH_USER_PATHS = NO;
				CLANG_CXX_LANGUAGE_STANDARD = "gnu++0x";
				CLANG_CXX_LIBRARY = "libc++";
				CLANG_ENABLE_MODULES = YES;
				CLANG_ENABLE_OBJC_ARC = YES;
				CLANG_WARN_BOOL_CONVERSION = YES;
				CLANG_WARN_CONSTANT_CONVERSION = YES;
				CLANG_WARN_DIRECT_OBJC_ISA_USAGE = YES_ERROR;
				CLANG_WARN_EMPTY_BODY = YES;
				CLANG_WARN_ENUM_CONVERSION = YES;
				CLANG_WARN_INT_CONVERSION = YES;
				CLANG_WARN_OBJC_ROOT_CLASS = YES_ERROR;
				CLANG_WARN_UNREACHABLE_CODE = YES;
				CLANG_WARN__DUPLICATE_METHOD_MATCH = YES;
				"CODE_SIGN_IDENTITY[sdk=iphoneos*]" = "iPhone Developer";
				COPY_PHASE_STRIP = NO;
				DEBUG_INFORMATION_FORMAT = dwarf;
				ENABLE_STRICT_OBJC_MSGSEND = YES;
				ENABLE_TESTABILITY = YES;
				GCC_C_LANGUAGE_STANDARD = gnu99;
				GCC_DYNAMIC_NO_PIC = NO;
				GCC_NO_COMMON_BLOCKS = YES;
				GCC_OPTIMIZATION_LEVEL = 0;
				GCC_PREPROCESSOR_DEFINITIONS = (
					"DEBUG=1",
					"$(inherited)",
				);
				GCC_WARN_64_TO_32_BIT_CONVERSION = YES;
				GCC_WARN_ABOUT_RETURN_TYPE = YES_ERROR;
				GCC_WARN_UNDECLARED_SELECTOR = YES;
				GCC_WARN_UNINITIALIZED_AUTOS = YES_AGGRESSIVE;
				GCC_WARN_UNUSED_FUNCTION = YES;
				GCC_WARN_UNUSED_VARIABLE = YES;
				IPHONEOS_DEPLOYMENT_TARGET = 9.2;
				MTL_ENABLE_DEBUG_INFO = YES;
				ONLY_ACTIVE_ARCH = YES;
				SDKROOT = iphoneos;
				SWIFT_OPTIMIZATION_LEVEL = "-Onone";
			};
			name = Debug;
		};
		924BE5AA1C68E51D00FEFDD6 /* Release */ = {
			isa = XCBuildConfiguration;
			buildSettings = {
				ALWAYS_SEARCH_USER_PATHS = NO;
				CLANG_CXX_LANGUAGE_STANDARD = "gnu++0x";
				CLANG_CXX_LIBRARY = "libc++";
				CLANG_ENABLE_MODULES = YES;
				CLANG_ENABLE_OBJC_ARC = YES;
				CLANG_WARN_BOOL_CONVERSION = YES;
				CLANG_WARN_CONSTANT_CONVERSION = YES;
				CLANG_WARN_DIRECT_OBJC_ISA_USAGE = YES_ERROR;
				CLANG_WARN_EMPTY_BODY = YES;
				CLANG_WARN_ENUM_CONVERSION = YES;
				CLANG_WARN_INT_CONVERSION = YES;
				CLANG_WARN_OBJC_ROOT_CLASS = YES_ERROR;
				CLANG_WARN_UNREACHABLE_CODE = YES;
				CLANG_WARN__DUPLICATE_METHOD_MATCH = YES;
				"CODE_SIGN_IDENTITY[sdk=iphoneos*]" = "iPhone Developer";
				COPY_PHASE_STRIP = NO;
				DEBUG_INFORMATION_FORMAT = "dwarf-with-dsym";
				ENABLE_NS_ASSERTIONS = NO;
				ENABLE_STRICT_OBJC_MSGSEND = YES;
				GCC_C_LANGUAGE_STANDARD = gnu99;
				GCC_NO_COMMON_BLOCKS = YES;
				GCC_WARN_64_TO_32_BIT_CONVERSION = YES;
				GCC_WARN_ABOUT_RETURN_TYPE = YES_ERROR;
				GCC_WARN_UNDECLARED_SELECTOR = YES;
				GCC_WARN_UNINITIALIZED_AUTOS = YES_AGGRESSIVE;
				GCC_WARN_UNUSED_FUNCTION = YES;
				GCC_WARN_UNUSED_VARIABLE = YES;
				IPHONEOS_DEPLOYMENT_TARGET = 9.2;
				MTL_ENABLE_DEBUG_INFO = NO;
				SDKROOT = iphoneos;
				VALIDATE_PRODUCT = YES;
			};
			name = Release;
		};
		924BE5AC1C68E51D00FEFDD6 /* Debug */ = {
			isa = XCBuildConfiguration;
			buildSettings = {
				ASSETCATALOG_COMPILER_APPICON_NAME = AppIcon;
				INFOPLIST_FILE = pokedex/Info.plist;
				LD_RUNPATH_SEARCH_PATHS = "$(inherited) @executable_path/Frameworks";
				PRODUCT_BUNDLE_IDENTIFIER = com.tack.pokedex;
				PRODUCT_NAME = "$(TARGET_NAME)";
			};
			name = Debug;
		};
		924BE5AD1C68E51D00FEFDD6 /* Release */ = {
			isa = XCBuildConfiguration;
			buildSettings = {
				ASSETCATALOG_COMPILER_APPICON_NAME = AppIcon;
				INFOPLIST_FILE = pokedex/Info.plist;
				LD_RUNPATH_SEARCH_PATHS = "$(inherited) @executable_path/Frameworks";
				PRODUCT_BUNDLE_IDENTIFIER = com.tack.pokedex;
				PRODUCT_NAME = "$(TARGET_NAME)";
			};
			name = Release;
		};
/* End XCBuildConfiguration section */

/* Begin XCConfigurationList section */
		924BE5941C68E51C00FEFDD6 /* Build configuration list for PBXProject "pokedex" */ = {
			isa = XCConfigurationList;
			buildConfigurations = (
				924BE5A91C68E51D00FEFDD6 /* Debug */,
				924BE5AA1C68E51D00FEFDD6 /* Release */,
			);
			defaultConfigurationIsVisible = 0;
			defaultConfigurationName = Release;
		};
		924BE5AB1C68E51D00FEFDD6 /* Build configuration list for PBXNativeTarget "pokedex" */ = {
			isa = XCConfigurationList;
			buildConfigurations = (
				924BE5AC1C68E51D00FEFDD6 /* Debug */,
				924BE5AD1C68E51D00FEFDD6 /* Release */,
			);
			defaultConfigurationIsVisible = 0;
			defaultConfigurationName = Release;
		};
/* End XCConfigurationList section */
	};
	rootObject = 924BE5911C68E51C00FEFDD6 /* Project object */;
}
